
Microsoft Visual Studio Solution File, Format Version 12.00
# Visual Studio Version 16
VisualStudioVersion = 16.0.31105.61
MinimumVisualStudioVersion = 10.0.40219.1
Project("{FAE04EC0-301F-11D3-BF4B-00C04F79EFBC}") = "Patholabs_ExpressAPI", "Patholabs_ExpressAPI\Patholabs_ExpressAPI.csproj", "{2DF474FF-B3C0-48C6-A085-59EDC2D922BA}"
EndProject
Global
	GlobalSection(SolutionConfigurationPlatforms) = preSolution
		Debug|Any CPU = Debug|Any CPU
		Release|Any CPU = Release|Any CPU
	EndGlobalSection
	GlobalSection(ProjectConfigurationPlatforms) = postSolution
		{2DF474FF-B3C0-48C6-A085-59EDC2D922BA}.Debug|Any CPU.ActiveCfg = Debug|Any CPU
		{2DF474FF-B3C0-48C6-A085-59EDC2D922BA}.Debug|Any CPU.Build.0 = Debug|Any CPU
		{2DF474FF-B3C0-48C6-A085-59EDC2D922BA}.Release|Any CPU.ActiveCfg = Release|Any CPU
		{2DF474FF-B3C0-48C6-A085-59EDC2D922BA}.Release|Any CPU.Build.0 = Release|Any CPU
	EndGlobalSection
	GlobalSection(SolutionProperties) = preSolution
		HideSolutionNode = FALSE
	EndGlobalSection
	GlobalSection(ExtensibilityGlobals) = postSolution
		SolutionGuid = {6F21C317-95CA-4C07-87B2-F8F262432A91}
	EndGlobalSection
EndGlobal
